<?xml version="1.0" encoding="utf-8"?>
<Project ToolsVersion="4.0" xmlns="http://schemas.microsoft.com/developer/msbuild/2003">
  <ItemGroup>
    <Filter Include="Source Files">
      <UniqueIdentifier>{4FC737F1-C7A5-4376-A066-2A32D752A2FF}</UniqueIdentifier>
      <Extensions>cpp;c;cc;cxx;def;odl;idl;hpj;bat;asm;asmx</Extensions>
    </Filter>
    <Filter Include="Header Files">
      <UniqueIdentifier>{93995380-89BD-4b04-88EB-625FBE52EBFB}</UniqueIdentifier>
      <Extensions>h;hh;hpp;hxx;hm;inl;inc;xsd</Extensions>
    </Filter>
    <Filter Include="Resource Files">
      <UniqueIdentifier>{67DA6AB6-F800-4c08-8B7A-83BB121AAD01}</UniqueIdentifier>
      <Extensions>rc;ico;cur;bmp;dlg;rc2;rct;bin;rgs;gif;jpg;jpeg;jpe;resx;tiff;tif;png;wav;mfcribbon-ms</Extensions>
    </Filter>
  </ItemGroup>
  <ItemGroup>
    <ClCompile Include="..\crypto\crypto_test.c">
      <Filter>Source Files</Filter>
    </ClCompile>
    <ClCompile Include="..\crypto\windows\random.c">
      <Filter>Source Files</Filter>
    </ClCompile>
    <ClCompile Include="..\crypto\windows\crypto_aes.c">
      <Filter>Source Files</Filter>
    </ClCompile>
    <ClCompile Include="..\crypto\windows\crypto_sha1.c">
      <Filter>Source Files</Filter>
    </ClCompile>
    <ClCompile Include="..\daemon\windows\daemon.c">
      <Filter>Source Files</Filter>
    </ClCompile>
    <ClCompile Include="..\default\netbuf.c">
      <Filter>Source Files</Filter>
    </ClCompile>
    <ClCompile Include="..\default\debug.c">
      <Filter>Source Files</Filter>
    </ClCompile>
    <ClCompile Include="..\default\heap.c">
      <Filter>Source Files</Filter>
    </ClCompile>
    <ClCompile Include="..\default\log.c">
      <Filter>Source Files</Filter>
    </ClCompile>
    <ClCompile Include="..\file\filename_utils.c">
      <Filter>Source Files</Filter>
    </ClCompile>
    <ClCompile Include="..\file\windows\file_utils.c">
      <Filter>Source Files</Filter>
    </ClCompile>
    <ClCompile Include="..\file\windows\dir_change_notification.c">
      <Filter>Source Files</Filter>
    </ClCompile>
    <ClCompile Include="..\file\windows\dir_utils.c">
      <Filter>Source Files</Filter>
    </ClCompile>
    <ClCompile Include="..\net\ip_passive_common.c">
      <Filter>Source Files</Filter>
    </ClCompile>
    <ClCompile Include="..\net\libc\dns_lookup.c">
      <Filter>Source Files</Filter>
    </ClCompile>
    <ClCompile Include="..\net\windows\udp.c">
      <Filter>Source Files</Filter>
    </ClCompile>
    <ClCompile Include="..\net\windows\ip_passive.c">
      <Filter>Source Files</Filter>
    </ClCompile>
    <ClCompile Include="..\net\windows\tcp_connection.c">
      <Filter>Source Files</Filter>
    </ClCompile>
    <ClCompile Include="..\net\windows\tcp_manager.c">
      <Filter>Source Files</Filter>
    </ClCompile>
    <ClCompile Include="..\net\windows\tcp_socket.c">
      <Filter>Source Files</Filter>
    </ClCompile>
    <ClCompile Include="..\text\char_big5.c">
      <Filter>Source Files</Filter>
    </ClCompile>
    <ClCompile Include="..\text\char_iso8859.c">
      <Filter>Source Files</Filter>
    </ClCompile>
    <ClCompile Include="..\text\char_str.c">
      <Filter>Source Files</Filter>
    </ClCompile>
    <ClCompile Include="..\text\char_utf8.c">
      <Filter>Source Files</Filter>
    </ClCompile>
    <ClCompile Include="..\text\doprint_custom.c">
      <Filter>Source Files</Filter>
    </ClCompile>
    <ClCompile Include="..\text\netbuf_sprintf.c">
      <Filter>Source Files</Filter>
    </ClCompile>
    <ClCompile Include="..\text\netbuf_sscanf.c">
      <Filter>Source Files</Filter>
    </ClCompile>
    <ClCompile Include="..\text\sprintf_custom.c">
      <Filter>Source Files</Filter>
    </ClCompile>
    <ClCompile Include="..\text\sscanf_custom.c">
      <Filter>Source Files</Filter>
    </ClCompile>
    <ClCompile Include="..\thread\long_task.c">
      <Filter>Source Files</Filter>
    </ClCompile>
    <ClCompile Include="..\thread\mqueue.c">
      <Filter>Source Files</Filter>
    </ClCompile>
    <ClCompile Include="..\thread\windows\signal.c">
      <Filter>Source Files</Filter>
    </ClCompile>
    <ClCompile Include="..\thread\windows\thread.c">
      <Filter>Source Files</Filter>
    </ClCompile>
    <ClCompile Include="..\utils\base64_decode.c">
      <Filter>Source Files</Filter>
    </ClCompile>
    <ClCompile Include="..\utils\base64_encode.c">
      <Filter>Source Files</Filter>
    </ClCompile>
    <ClCompile Include="..\utils\bcd.c">
      <Filter>Source Files</Filter>
    </ClCompile>
    <ClCompile Include="..\utils\dlist.c">
      <Filter>Source Files</Filter>
    </ClCompile>
    <ClCompile Include="..\utils\guid.c">
      <Filter>Source Files</Filter>
    </ClCompile>
    <ClCompile Include="..\utils\hash32.c">
      <Filter>Source Files</Filter>
    </ClCompile>
    <ClCompile Include="..\utils\hmap.c">
      <Filter>Source Files</Filter>
    </ClCompile>
    <ClCompile Include="..\utils\slist.c">
      <Filter>Source Files</Filter>
    </ClCompile>
    <ClCompile Include="..\webclient\webclient.c">
      <Filter>Source Files</Filter>
    </ClCompile>
    <ClCompile Include="..\web\http_parser.c">
      <Filter>Source Files</Filter>
    </ClCompile>
    <ClCompile Include="..\web\http_result.c">
      <Filter>Source Files</Filter>
    </ClCompile>
    <ClCompile Include="..\web\json_parser.c">
      <Filter>Source Files</Filter>
    </ClCompile>
    <ClCompile Include="..\web\json_parser_utils.c">
      <Filter>Source Files</Filter>
    </ClCompile>
    <ClCompile Include="..\web\url.c">
      <Filter>Source Files</Filter>
    </ClCompile>
    <ClCompile Include="..\web\url_params.c">
      <Filter>Source Files</Filter>
    </ClCompile>
    <ClCompile Include="..\web\xml_parser.c">
      <Filter>Source Files</Filter>
    </ClCompile>
    <ClCompile Include="os.c">
      <Filter>Source Files</Filter>
    </ClCompile>
    <ClCompile Include="system.c">
      <Filter>Source Files</Filter>
    </ClCompile>
    <ClCompile Include="..\upnp\gena_service_manager.c">
      <Filter>Source Files</Filter>
    </ClCompile>
    <ClCompile Include="..\upnp\gena_subscription.c">
      <Filter>Source Files</Filter>
    </ClCompile>
    <ClCompile Include="..\upnp\gena_message.c">
      <Filter>Source Files</Filter>
    </ClCompile>
    <ClCompile Include="..\upnp\gena_service.c">
      <Filter>Source Files</Filter>
    </ClCompile>
    <ClCompile Include="..\upnp\gena_service_connection.c">
      <Filter>Source Files</Filter>
    </ClCompile>
    <ClCompile Include="..\upnp\soap_message.c">
      <Filter>Source Files</Filter>
    </ClCompile>
    <ClCompile Include="..\upnp\soap_service.c">
      <Filter>Source Files</Filter>
    </ClCompile>
    <ClCompile Include="..\upnp\soap_service_connection.c">
      <Filter>Source Files</Filter>
    </ClCompile>
    <ClCompile Include="..\upnp\soap_service_manager.c">
      <Filter>Source Files</Filter>
    </ClCompile>
    <ClCompile Include="..\upnp\soap_action.c">
      <Filter>Source Files</Filter>
    </ClCompile>
    <ClCompile Include="..\upnp\soap_action_args.c">
      <Filter>Source Files</Filter>
    </ClCompile>
    <ClCompile Include="..\upnp\upnp.c">
      <Filter>Source Files</Filter>
    </ClCompile>
    <ClCompile Include="..\upnp\ssdp_client_dummy.c">
      <Filter>Source Files</Filter>
    </ClCompile>
    <ClCompile Include="..\upnp\ssdp_manager.c">
      <Filter>Source Files</Filter>
    </ClCompile>
    <ClCompile Include="..\upnp\ssdp_service.c">
      <Filter>Source Files</Filter>
    </ClCompile>
    <ClCompile Include="..\webserver\webserver_page_filesystem.c">
      <Filter>Source Files</Filter>
    </ClCompile>
    <ClCompile Include="..\webserver\webserver.c">
      <Filter>Source Files</Filter>
    </ClCompile>
    <ClCompile Include="..\webserver\webserver_connection.c">
      <Filter>Source Files</Filter>
    </ClCompile>
    <ClCompile Include="..\webserver\webserver_content_type.c">
      <Filter>Source Files</Filter>
    </ClCompile>
    <ClCompile Include="..\web\http_server.c">
      <Filter>Source Files</Filter>
    </ClCompile>
    <ClCompile Include="..\net\windows\igmp.c">
      <Filter>Source Files</Filter>
    </ClCompile>
    <ClCompile Include="..\appfs\appfs_tar.c">
      <Filter>Source Files</Filter>
    </ClCompile>
    <ClCompile Include="..\flash\flash_file.c">
      <Filter>Source Files</Filter>
    </ClCompile>
    <ClCompile Include="..\unix_time\windows\unix_time.c">
      <Filter>Source Files</Filter>
    </ClCompile>
    <ClCompile Include="..\timer\oneshot.c">
      <Filter>Source Files</Filter>
    </ClCompile>
    <ClCompile Include="..\timer\windows\timer.c">
      <Filter>Source Files</Filter>
    </ClCompile>
  </ItemGroup>
</Project>